
Microsoft Visual Studio Solution File, Format Version 12.00
# Visual Studio Version 17
VisualStudioVersion = 17.0.31903.59
MinimumVisualStudioVersion = 10.0.40219.1
Project("{FAE04EC0-301F-11D3-BF4B-00C04F79EFBC}") = "helloWorld", "helloWorld\helloWorld.csproj", "{0F16695F-7BB4-452C-B79B-BA741B079EC5}"
EndProject
Global
	GlobalSection(SolutionConfigurationPlatforms) = preSolution
		Debug|Any CPU = Debug|Any CPU
		Release|Any CPU = Release|Any CPU
	EndGlobalSection
	GlobalSection(ProjectConfigurationPlatforms) = postSolution
		{0F16695F-7BB4-452C-B79B-BA741B079EC5}.Debug|Any CPU.ActiveCfg = Debug|Any CPU
		{0F16695F-7BB4-452C-B79B-BA741B079EC5}.Debug|Any CPU.Build.0 = Debug|Any CPU
		{0F16695F-7BB4-452C-B79B-BA741B079EC5}.Release|Any CPU.ActiveCfg = Release|Any CPU
		{0F16695F-7BB4-452C-B79B-BA741B079EC5}.Release|Any CPU.Build.0 = Release|Any CPU
	EndGlobalSection
	GlobalSection(SolutionProperties) = preSolution
		HideSolutionNode = FALSE
	EndGlobalSection
	GlobalSection(ExtensibilityGlobals) = postSolution
		SolutionGuid = {AA2F791E-F081-4B92-B49D-C24AE8F71244}
	EndGlobalSection
EndGlobal
